
Microsoft Visual Studio Solution File, Format Version 12.00
# Visual Studio Version 16
VisualStudioVersion = 16.0.30320.27
MinimumVisualStudioVersion = 10.0.40219.1
Project("{2150E333-8FDC-42A3-9474-1A3956D46DE8}") = "Modules", "Modules", "{17F41687-1989-4D79-9129-45705EA3B4CA}"
EndProject
Project("{FAE04EC0-301F-11D3-BF4B-00C04F79EFBC}") = "AlexanderYurtaev.Framework", "AlexanderYurtaev.Framework\AlexanderYurtaev.Framework.csproj", "{72A8F937-90D2-4709-9C15-653CAFCA03F7}"
EndProject
Project("{FAE04EC0-301F-11D3-BF4B-00C04F79EFBC}") = "AlexanderYurtaev.Common", "AlexanderYurtaev.Common\AlexanderYurtaev.Common.csproj", "{8F203EE9-4F6B-4F70-8C3E-54D665C2CFC4}"
EndProject
Project("{FAE04EC0-301F-11D3-BF4B-00C04F79EFBC}") = "TestModule", "Modules\TestModule\TestModule.csproj", "{9B9F3295-89E3-4471-997A-33B1A67D0D98}"
EndProject
Project("{FAE04EC0-301F-11D3-BF4B-00C04F79EFBC}") = "AlexanderYurtaev.Demo", "AlexanderYurtaev.Demo\AlexanderYurtaev.Demo.csproj", "{4F5DF19F-5C43-412D-8102-26C5E00E12A8}"
EndProject
Project("{FAE04EC0-301F-11D3-BF4B-00C04F79EFBC}") = "DarkCode", "Modules\DarkCode\DarkCode.csproj", "{DBA53A04-2987-425A-995A-27C7078BAFCC}"
EndProject
Project("{FAE04EC0-301F-11D3-BF4B-00C04F79EFBC}") = "AlexanderYurtaev.Styles", "AlexanderYurtaev.Styles\AlexanderYurtaev.Styles.csproj", "{CD2D0E90-9775-4451-9D70-8B4A0453DAD8}"
EndProject
Project("{FAE04EC0-301F-11D3-BF4B-00C04F79EFBC}") = "AlexanderYurtaev.Controls", "AlexanderYurtaev.Controls\AlexanderYurtaev.Controls.csproj", "{FE80FF45-B912-47C4-ABD5-A7E7AC8D2B18}"
EndProject
Global
	GlobalSection(SolutionConfigurationPlatforms) = preSolution
		Debug|Any CPU = Debug|Any CPU
		Release|Any CPU = Release|Any CPU
	EndGlobalSection
	GlobalSection(ProjectConfigurationPlatforms) = postSolution
		{72A8F937-90D2-4709-9C15-653CAFCA03F7}.Debug|Any CPU.ActiveCfg = Debug|Any CPU
		{72A8F937-90D2-4709-9C15-653CAFCA03F7}.Debug|Any CPU.Build.0 = Debug|Any CPU
		{72A8F937-90D2-4709-9C15-653CAFCA03F7}.Release|Any CPU.ActiveCfg = Release|Any CPU
		{72A8F937-90D2-4709-9C15-653CAFCA03F7}.Release|Any CPU.Build.0 = Release|Any CPU
		{8F203EE9-4F6B-4F70-8C3E-54D665C2CFC4}.Debug|Any CPU.ActiveCfg = Debug|Any CPU
		{8F203EE9-4F6B-4F70-8C3E-54D665C2CFC4}.Debug|Any CPU.Build.0 = Debug|Any CPU
		{8F203EE9-4F6B-4F70-8C3E-54D665C2CFC4}.Release|Any CPU.ActiveCfg = Release|Any CPU
		{8F203EE9-4F6B-4F70-8C3E-54D665C2CFC4}.Release|Any CPU.Build.0 = Release|Any CPU
		{9B9F3295-89E3-4471-997A-33B1A67D0D98}.Debug|Any CPU.ActiveCfg = Debug|Any CPU
		{9B9F3295-89E3-4471-997A-33B1A67D0D98}.Debug|Any CPU.Build.0 = Debug|Any CPU
		{9B9F3295-89E3-4471-997A-33B1A67D0D98}.Release|Any CPU.ActiveCfg = Release|Any CPU
		{9B9F3295-89E3-4471-997A-33B1A67D0D98}.Release|Any CPU.Build.0 = Release|Any CPU
		{4F5DF19F-5C43-412D-8102-26C5E00E12A8}.Debug|Any CPU.ActiveCfg = Debug|Any CPU
		{4F5DF19F-5C43-412D-8102-26C5E00E12A8}.Debug|Any CPU.Build.0 = Debug|Any CPU
		{4F5DF19F-5C43-412D-8102-26C5E00E12A8}.Release|Any CPU.ActiveCfg = Release|Any CPU
		{4F5DF19F-5C43-412D-8102-26C5E00E12A8}.Release|Any CPU.Build.0 = Release|Any CPU
		{DBA53A04-2987-425A-995A-27C7078BAFCC}.Debug|Any CPU.ActiveCfg = Debug|Any CPU
		{DBA53A04-2987-425A-995A-27C7078BAFCC}.Debug|Any CPU.Build.0 = Debug|Any CPU
		{DBA53A04-2987-425A-995A-27C7078BAFCC}.Release|Any CPU.ActiveCfg = Release|Any CPU
		{DBA53A04-2987-425A-995A-27C7078BAFCC}.Release|Any CPU.Build.0 = Release|Any CPU
		{CD2D0E90-9775-4451-9D70-8B4A0453DAD8}.Debug|Any CPU.ActiveCfg = Debug|Any CPU
		{CD2D0E90-9775-4451-9D70-8B4A0453DAD8}.Debug|Any CPU.Build.0 = Debug|Any CPU
		{CD2D0E90-9775-4451-9D70-8B4A0453DAD8}.Release|Any CPU.ActiveCfg = Release|Any CPU
		{CD2D0E90-9775-4451-9D70-8B4A0453DAD8}.Release|Any CPU.Build.0 = Release|Any CPU
		{FE80FF45-B912-47C4-ABD5-A7E7AC8D2B18}.Debug|Any CPU.ActiveCfg = Debug|Any CPU
		{FE80FF45-B912-47C4-ABD5-A7E7AC8D2B18}.Debug|Any CPU.Build.0 = Debug|Any CPU
		{FE80FF45-B912-47C4-ABD5-A7E7AC8D2B18}.Release|Any CPU.ActiveCfg = Release|Any CPU
		{FE80FF45-B912-47C4-ABD5-A7E7AC8D2B18}.Release|Any CPU.Build.0 = Release|Any CPU
	EndGlobalSection
	GlobalSection(SolutionProperties) = preSolution
		HideSolutionNode = FALSE
	EndGlobalSection
	GlobalSection(NestedProjects) = preSolution
		{9B9F3295-89E3-4471-997A-33B1A67D0D98} = {17F41687-1989-4D79-9129-45705EA3B4CA}
		{DBA53A04-2987-425A-995A-27C7078BAFCC} = {17F41687-1989-4D79-9129-45705EA3B4CA}
	EndGlobalSection
	GlobalSection(ExtensibilityGlobals) = postSolution
		SolutionGuid = {FAA4D297-49DF-4EA7-88DD-83E5BFEFB38B}
	EndGlobalSection
EndGlobal
